
Microsoft Visual Studio Solution File, Format Version 12.00
# Visual Studio 15
Project("{FAE04EC0-301F-11D3-BF4B-00C04F79EFBC}") = "Assembly-CSharp", "Assembly-CSharp.csproj", "{6F5A7FAD-D942-B221-84CE-F95EC5142D33}"
EndProject
Project("{FAE04EC0-301F-11D3-BF4B-00C04F79EFBC}") = "Assembly-CSharp-Editor", "Assembly-CSharp-Editor.csproj", "{32D6D869-7358-CB89-8609-FF96F41FAAB7}"
EndProject
Global
	GlobalSection(SolutionConfigurationPlatforms) = preSolution
		Debug|Any CPU = Debug|Any CPU
		Release|Any CPU = Release|Any CPU
	EndGlobalSection
	GlobalSection(ProjectConfigurationPlatforms) = postSolution
		{6F5A7FAD-D942-B221-84CE-F95EC5142D33}.Debug|Any CPU.ActiveCfg = Debug|Any CPU
		{6F5A7FAD-D942-B221-84CE-F95EC5142D33}.Debug|Any CPU.Build.0 = Debug|Any CPU
		{6F5A7FAD-D942-B221-84CE-F95EC5142D33}.Release|Any CPU.ActiveCfg = Release|Any CPU
		{6F5A7FAD-D942-B221-84CE-F95EC5142D33}.Release|Any CPU.Build.0 = Release|Any CPU
		{32D6D869-7358-CB89-8609-FF96F41FAAB7}.Debug|Any CPU.ActiveCfg = Debug|Any CPU
		{32D6D869-7358-CB89-8609-FF96F41FAAB7}.Debug|Any CPU.Build.0 = Debug|Any CPU
		{32D6D869-7358-CB89-8609-FF96F41FAAB7}.Release|Any CPU.ActiveCfg = Release|Any CPU
		{32D6D869-7358-CB89-8609-FF96F41FAAB7}.Release|Any CPU.Build.0 = Release|Any CPU
	EndGlobalSection
	GlobalSection(SolutionProperties) = preSolution
		HideSolutionNode = FALSE
	EndGlobalSection
EndGlobal
