
Microsoft Visual Studio Solution File, Format Version 12.00
# Visual Studio 15
Project("{FAE04EC0-301F-11D3-BF4B-00C04F79EFBC}") = "Assembly-CSharp", "Assembly-CSharp.csproj", "{9FD2D85F-40E8-1C45-B15E-BE201F282168}"
EndProject
Project("{FAE04EC0-301F-11D3-BF4B-00C04F79EFBC}") = "Assembly-CSharp-Editor", "Assembly-CSharp-Editor.csproj", "{48DBC4D4-E4D1-6505-EDB9-D34E82A6CC24}"
EndProject
Global
	GlobalSection(SolutionConfigurationPlatforms) = preSolution
		Debug|Any CPU = Debug|Any CPU
		Release|Any CPU = Release|Any CPU
	EndGlobalSection
	GlobalSection(ProjectConfigurationPlatforms) = postSolution
		{9FD2D85F-40E8-1C45-B15E-BE201F282168}.Debug|Any CPU.ActiveCfg = Debug|Any CPU
		{9FD2D85F-40E8-1C45-B15E-BE201F282168}.Debug|Any CPU.Build.0 = Debug|Any CPU
		{9FD2D85F-40E8-1C45-B15E-BE201F282168}.Release|Any CPU.ActiveCfg = Release|Any CPU
		{9FD2D85F-40E8-1C45-B15E-BE201F282168}.Release|Any CPU.Build.0 = Release|Any CPU
		{48DBC4D4-E4D1-6505-EDB9-D34E82A6CC24}.Debug|Any CPU.ActiveCfg = Debug|Any CPU
		{48DBC4D4-E4D1-6505-EDB9-D34E82A6CC24}.Debug|Any CPU.Build.0 = Debug|Any CPU
		{48DBC4D4-E4D1-6505-EDB9-D34E82A6CC24}.Release|Any CPU.ActiveCfg = Release|Any CPU
		{48DBC4D4-E4D1-6505-EDB9-D34E82A6CC24}.Release|Any CPU.Build.0 = Release|Any CPU
	EndGlobalSection
	GlobalSection(SolutionProperties) = preSolution
		HideSolutionNode = FALSE
	EndGlobalSection
EndGlobal
